
Microsoft Visual Studio Solution File, Format Version 12.00
# Visual Studio Version 17
VisualStudioVersion = 17.2.32526.322
MinimumVisualStudioVersion = 10.0.40219.1
Project("{9A19103F-16F7-4668-BE54-9A1E7A4F7556}") = "ExpenseManagement", "ExpenseManagement\ExpenseManagement.csproj", "{7C167226-47C8-41C0-B072-94FB411EDACC}"
EndProject
Project("{FAE04EC0-301F-11D3-BF4B-00C04F79EFBC}") = "ExpenseManagement.UnitTest", "ExpenseManagement.UnitTest\ExpenseManagement.UnitTest.csproj", "{2A0D6750-1662-4A60-B1FC-349538A7C5D3}"
EndProject
Global
	GlobalSection(SolutionConfigurationPlatforms) = preSolution
		Debug|Any CPU = Debug|Any CPU
		Release|Any CPU = Release|Any CPU
	EndGlobalSection
	GlobalSection(ProjectConfigurationPlatforms) = postSolution
		{7C167226-47C8-41C0-B072-94FB411EDACC}.Debug|Any CPU.ActiveCfg = Debug|Any CPU
		{7C167226-47C8-41C0-B072-94FB411EDACC}.Debug|Any CPU.Build.0 = Debug|Any CPU
		{7C167226-47C8-41C0-B072-94FB411EDACC}.Release|Any CPU.ActiveCfg = Release|Any CPU
		{7C167226-47C8-41C0-B072-94FB411EDACC}.Release|Any CPU.Build.0 = Release|Any CPU
		{2A0D6750-1662-4A60-B1FC-349538A7C5D3}.Debug|Any CPU.ActiveCfg = Debug|Any CPU
		{2A0D6750-1662-4A60-B1FC-349538A7C5D3}.Debug|Any CPU.Build.0 = Debug|Any CPU
		{2A0D6750-1662-4A60-B1FC-349538A7C5D3}.Release|Any CPU.ActiveCfg = Release|Any CPU
		{2A0D6750-1662-4A60-B1FC-349538A7C5D3}.Release|Any CPU.Build.0 = Release|Any CPU
	EndGlobalSection
	GlobalSection(SolutionProperties) = preSolution
		HideSolutionNode = FALSE
	EndGlobalSection
	GlobalSection(ExtensibilityGlobals) = postSolution
		SolutionGuid = {772D1C27-7B63-4645-BB11-B10B3AFD694D}
	EndGlobalSection
EndGlobal
